
Microsoft Visual Studio Solution File, Format Version 12.00
# Visual Studio 15
VisualStudioVersion = 15.0.28307.329
MinimumVisualStudioVersion = 10.0.40219.1
Project("{FAE04EC0-301F-11D3-BF4B-00C04F79EFBC}") = "Lab_Mouse_vR6", "Lab_Mouse_vR6\Lab_Mouse_vR6.csproj", "{E292B71D-37C8-4A10-9AF9-E883E4050D0E}"
EndProject
Global
	GlobalSection(SolutionConfigurationPlatforms) = preSolution
		Debug|Any CPU = Debug|Any CPU
		Release|Any CPU = Release|Any CPU
	EndGlobalSection
	GlobalSection(ProjectConfigurationPlatforms) = postSolution
		{E292B71D-37C8-4A10-9AF9-E883E4050D0E}.Debug|Any CPU.ActiveCfg = Debug|Any CPU
		{E292B71D-37C8-4A10-9AF9-E883E4050D0E}.Debug|Any CPU.Build.0 = Debug|Any CPU
		{E292B71D-37C8-4A10-9AF9-E883E4050D0E}.Release|Any CPU.ActiveCfg = Release|Any CPU
		{E292B71D-37C8-4A10-9AF9-E883E4050D0E}.Release|Any CPU.Build.0 = Release|Any CPU
	EndGlobalSection
	GlobalSection(SolutionProperties) = preSolution
		HideSolutionNode = FALSE
	EndGlobalSection
	GlobalSection(ExtensibilityGlobals) = postSolution
		SolutionGuid = {6C21DF53-01CC-4413-A832-B69E3A7E480A}
	EndGlobalSection
EndGlobal
